<Solution>
  <Project Path="CompanyEmployees.Presentation/CompanyEmployees.Presentation.csproj" />
  <Project Path="CompanyEmployees/CompanyEmployees.csproj" />
  <Project Path="Contracts/Contracts.csproj" />
  <Project Path="Entities/Entities.csproj" />
  <Project Path="LoggerService/LoggerService.csproj" />
  <Project Path="Repository/Repository.csproj" />
  <Project Path="Service.Contracts/Service.Contracts.csproj" />
  <Project Path="Service/Service.csproj" />
</Solution>
