Microsoft Visual Studio Solution File, Format Version 12.00
# Visual Studio Version 17
VisualStudioVersion = 17.5.2.0
MinimumVisualStudioVersion = 10.0.40219.1
Project("{FAE04EC0-301F-11D3-BF4B-00C04F79EFBC}") = "LoggerService", "LoggerService.csproj", "{82512A39-426C-642F-3C47-8021C3626396}"
EndProject
Global
	GlobalSection(SolutionConfigurationPlatforms) = preSolution
		Debug|Any CPU = Debug|Any CPU
		Release|Any CPU = Release|Any CPU
	EndGlobalSection
	GlobalSection(ProjectConfigurationPlatforms) = postSolution
		{82512A39-426C-642F-3C47-8021C3626396}.Debug|Any CPU.ActiveCfg = Debug|Any CPU
		{82512A39-426C-642F-3C47-8021C3626396}.Debug|Any CPU.Build.0 = Debug|Any CPU
		{82512A39-426C-642F-3C47-8021C3626396}.Release|Any CPU.ActiveCfg = Release|Any CPU
		{82512A39-426C-642F-3C47-8021C3626396}.Release|Any CPU.Build.0 = Release|Any CPU
	EndGlobalSection
	GlobalSection(SolutionProperties) = preSolution
		HideSolutionNode = FALSE
	EndGlobalSection
	GlobalSection(ExtensibilityGlobals) = postSolution
		SolutionGuid = {BAE48D7B-361F-4F54-9C40-A1320EC1EDA6}
	EndGlobalSection
EndGlobal
